
Microsoft Visual Studio Solution File, Format Version 12.00
# Visual Studio Version 16
VisualStudioVersion = 16.0.28315.86
MinimumVisualStudioVersion = 10.0.40219.1
Project("{FAE04EC0-301F-11D3-BF4B-00C04F79EFBC}") = "Outline", "Outline\Outline.csproj", "{555B0366-6A37-45D6-9B35-1C8CD3DC2A06}"
EndProject
Project("{FAE04EC0-301F-11D3-BF4B-00C04F79EFBC}") = "OutlineTests", "OutlineTests\OutlineTests.csproj", "{F2ED4E9F-30F2-43DE-B4CF-64260ACB53EB}"
EndProject
Global
	GlobalSection(SolutionConfigurationPlatforms) = preSolution
		Debug|Any CPU = Debug|Any CPU
		Release|Any CPU = Release|Any CPU
	EndGlobalSection
	GlobalSection(ProjectConfigurationPlatforms) = postSolution
		{555B0366-6A37-45D6-9B35-1C8CD3DC2A06}.Debug|Any CPU.ActiveCfg = Debug|Any CPU
		{555B0366-6A37-45D6-9B35-1C8CD3DC2A06}.Debug|Any CPU.Build.0 = Debug|Any CPU
		{555B0366-6A37-45D6-9B35-1C8CD3DC2A06}.Release|Any CPU.ActiveCfg = Release|Any CPU
		{555B0366-6A37-45D6-9B35-1C8CD3DC2A06}.Release|Any CPU.Build.0 = Release|Any CPU
		{F2ED4E9F-30F2-43DE-B4CF-64260ACB53EB}.Debug|Any CPU.ActiveCfg = Debug|Any CPU
		{F2ED4E9F-30F2-43DE-B4CF-64260ACB53EB}.Debug|Any CPU.Build.0 = Debug|Any CPU
		{F2ED4E9F-30F2-43DE-B4CF-64260ACB53EB}.Release|Any CPU.ActiveCfg = Release|Any CPU
		{F2ED4E9F-30F2-43DE-B4CF-64260ACB53EB}.Release|Any CPU.Build.0 = Release|Any CPU
	EndGlobalSection
	GlobalSection(SolutionProperties) = preSolution
		HideSolutionNode = FALSE
	EndGlobalSection
	GlobalSection(ExtensibilityGlobals) = postSolution
		SolutionGuid = {5A86554F-FA82-4D7C-8DB1-A4D76F8DC7B5}
	EndGlobalSection
EndGlobal
